
Microsoft Visual Studio Solution File, Format Version 12.00
# Visual Studio Version 17
VisualStudioVersion = 17.0.31919.166
MinimumVisualStudioVersion = 10.0.40219.1
Project("{FAE04EC0-301F-11D3-BF4B-00C04F79EFBC}") = "FactoryPattern", "FactoryPattern\FactoryPattern.csproj", "{2A8050CF-0223-4E71-8174-F61E37AE0170}"
EndProject
Project("{FAE04EC0-301F-11D3-BF4B-00C04F79EFBC}") = "AbstractFactoryPattern", "AbstractFactoryPattern\AbstractFactoryPattern.csproj", "{D62B78DB-A2D5-4815-88A3-EC3D99DDAE7D}"
EndProject
Project("{FAE04EC0-301F-11D3-BF4B-00C04F79EFBC}") = "FactoryMethod", "FactoryMethod\FactoryMethod.csproj", "{3D3EFAA9-9609-4CD8-940A-70C81C0DEDAE}"
EndProject
Global
	GlobalSection(SolutionConfigurationPlatforms) = preSolution
		Debug|Any CPU = Debug|Any CPU
		Release|Any CPU = Release|Any CPU
	EndGlobalSection
	GlobalSection(ProjectConfigurationPlatforms) = postSolution
		{2A8050CF-0223-4E71-8174-F61E37AE0170}.Debug|Any CPU.ActiveCfg = Debug|Any CPU
		{2A8050CF-0223-4E71-8174-F61E37AE0170}.Debug|Any CPU.Build.0 = Debug|Any CPU
		{2A8050CF-0223-4E71-8174-F61E37AE0170}.Release|Any CPU.ActiveCfg = Release|Any CPU
		{2A8050CF-0223-4E71-8174-F61E37AE0170}.Release|Any CPU.Build.0 = Release|Any CPU
		{D62B78DB-A2D5-4815-88A3-EC3D99DDAE7D}.Debug|Any CPU.ActiveCfg = Debug|Any CPU
		{D62B78DB-A2D5-4815-88A3-EC3D99DDAE7D}.Debug|Any CPU.Build.0 = Debug|Any CPU
		{D62B78DB-A2D5-4815-88A3-EC3D99DDAE7D}.Release|Any CPU.ActiveCfg = Release|Any CPU
		{D62B78DB-A2D5-4815-88A3-EC3D99DDAE7D}.Release|Any CPU.Build.0 = Release|Any CPU
		{3D3EFAA9-9609-4CD8-940A-70C81C0DEDAE}.Debug|Any CPU.ActiveCfg = Debug|Any CPU
		{3D3EFAA9-9609-4CD8-940A-70C81C0DEDAE}.Debug|Any CPU.Build.0 = Debug|Any CPU
		{3D3EFAA9-9609-4CD8-940A-70C81C0DEDAE}.Release|Any CPU.ActiveCfg = Release|Any CPU
		{3D3EFAA9-9609-4CD8-940A-70C81C0DEDAE}.Release|Any CPU.Build.0 = Release|Any CPU
	EndGlobalSection
	GlobalSection(SolutionProperties) = preSolution
		HideSolutionNode = FALSE
	EndGlobalSection
	GlobalSection(ExtensibilityGlobals) = postSolution
		SolutionGuid = {ED655355-CCA8-4B6D-B7C6-02EF078E50E8}
	EndGlobalSection
EndGlobal
